
Microsoft Visual Studio Solution File, Format Version 12.00
# Visual Studio 2012
Project("{FAE04EC0-301F-11D3-BF4B-00C04F79EFBC}") = "SecondTestMultiApp", "SecondTestMultiApp\SecondTestMultiApp.csproj", "{B31905D6-E3CF-4F19-9683-607778B9AEFD}"
EndProject
Project("{FAE04EC0-301F-11D3-BF4B-00C04F79EFBC}") = "SecondTestMultiApp.Droid", "Droid\SecondTestMultiApp.Droid.csproj", "{5E2569BC-476D-4069-B3CC-769E559DC9EF}"
EndProject
Project("{FAE04EC0-301F-11D3-BF4B-00C04F79EFBC}") = "SecondTestMultiApp.iOS", "iOS\SecondTestMultiApp.iOS.csproj", "{EDBB4626-4CC0-4FD8-B07D-CE372551E0B1}"
EndProject
Global
	GlobalSection(SolutionConfigurationPlatforms) = preSolution
		Debug|Any CPU = Debug|Any CPU
		Release|Any CPU = Release|Any CPU
		Debug|iPhoneSimulator = Debug|iPhoneSimulator
		Release|iPhone = Release|iPhone
		Release|iPhoneSimulator = Release|iPhoneSimulator
		Debug|iPhone = Debug|iPhone
	EndGlobalSection
	GlobalSection(ProjectConfigurationPlatforms) = postSolution
		{B31905D6-E3CF-4F19-9683-607778B9AEFD}.Debug|Any CPU.ActiveCfg = Debug|Any CPU
		{B31905D6-E3CF-4F19-9683-607778B9AEFD}.Debug|Any CPU.Build.0 = Debug|Any CPU
		{B31905D6-E3CF-4F19-9683-607778B9AEFD}.Release|Any CPU.ActiveCfg = Release|Any CPU
		{B31905D6-E3CF-4F19-9683-607778B9AEFD}.Release|Any CPU.Build.0 = Release|Any CPU
		{B31905D6-E3CF-4F19-9683-607778B9AEFD}.Debug|iPhoneSimulator.ActiveCfg = Debug|Any CPU
		{B31905D6-E3CF-4F19-9683-607778B9AEFD}.Debug|iPhoneSimulator.Build.0 = Debug|Any CPU
		{B31905D6-E3CF-4F19-9683-607778B9AEFD}.Release|iPhone.ActiveCfg = Release|Any CPU
		{B31905D6-E3CF-4F19-9683-607778B9AEFD}.Release|iPhone.Build.0 = Release|Any CPU
		{B31905D6-E3CF-4F19-9683-607778B9AEFD}.Release|iPhoneSimulator.ActiveCfg = Release|Any CPU
		{B31905D6-E3CF-4F19-9683-607778B9AEFD}.Release|iPhoneSimulator.Build.0 = Release|Any CPU
		{B31905D6-E3CF-4F19-9683-607778B9AEFD}.Debug|iPhone.ActiveCfg = Debug|Any CPU
		{B31905D6-E3CF-4F19-9683-607778B9AEFD}.Debug|iPhone.Build.0 = Debug|Any CPU
		{5E2569BC-476D-4069-B3CC-769E559DC9EF}.Debug|Any CPU.ActiveCfg = Debug|Any CPU
		{5E2569BC-476D-4069-B3CC-769E559DC9EF}.Debug|Any CPU.Build.0 = Debug|Any CPU
		{5E2569BC-476D-4069-B3CC-769E559DC9EF}.Release|Any CPU.ActiveCfg = Release|Any CPU
		{5E2569BC-476D-4069-B3CC-769E559DC9EF}.Release|Any CPU.Build.0 = Release|Any CPU
		{5E2569BC-476D-4069-B3CC-769E559DC9EF}.Debug|iPhoneSimulator.ActiveCfg = Debug|Any CPU
		{5E2569BC-476D-4069-B3CC-769E559DC9EF}.Debug|iPhoneSimulator.Build.0 = Debug|Any CPU
		{5E2569BC-476D-4069-B3CC-769E559DC9EF}.Release|iPhone.ActiveCfg = Release|Any CPU
		{5E2569BC-476D-4069-B3CC-769E559DC9EF}.Release|iPhone.Build.0 = Release|Any CPU
		{5E2569BC-476D-4069-B3CC-769E559DC9EF}.Release|iPhoneSimulator.ActiveCfg = Release|Any CPU
		{5E2569BC-476D-4069-B3CC-769E559DC9EF}.Release|iPhoneSimulator.Build.0 = Release|Any CPU
		{5E2569BC-476D-4069-B3CC-769E559DC9EF}.Debug|iPhone.ActiveCfg = Debug|Any CPU
		{5E2569BC-476D-4069-B3CC-769E559DC9EF}.Debug|iPhone.Build.0 = Debug|Any CPU
		{EDBB4626-4CC0-4FD8-B07D-CE372551E0B1}.Debug|Any CPU.ActiveCfg = Debug|iPhoneSimulator
		{EDBB4626-4CC0-4FD8-B07D-CE372551E0B1}.Debug|Any CPU.Build.0 = Debug|iPhoneSimulator
		{EDBB4626-4CC0-4FD8-B07D-CE372551E0B1}.Release|Any CPU.ActiveCfg = Release|iPhone
		{EDBB4626-4CC0-4FD8-B07D-CE372551E0B1}.Release|Any CPU.Build.0 = Release|iPhone
		{EDBB4626-4CC0-4FD8-B07D-CE372551E0B1}.Debug|iPhoneSimulator.ActiveCfg = Debug|iPhoneSimulator
		{EDBB4626-4CC0-4FD8-B07D-CE372551E0B1}.Debug|iPhoneSimulator.Build.0 = Debug|iPhoneSimulator
		{EDBB4626-4CC0-4FD8-B07D-CE372551E0B1}.Release|iPhone.ActiveCfg = Release|iPhone
		{EDBB4626-4CC0-4FD8-B07D-CE372551E0B1}.Release|iPhone.Build.0 = Release|iPhone
		{EDBB4626-4CC0-4FD8-B07D-CE372551E0B1}.Release|iPhoneSimulator.ActiveCfg = Release|iPhoneSimulator
		{EDBB4626-4CC0-4FD8-B07D-CE372551E0B1}.Release|iPhoneSimulator.Build.0 = Release|iPhoneSimulator
		{EDBB4626-4CC0-4FD8-B07D-CE372551E0B1}.Debug|iPhone.ActiveCfg = Debug|iPhone
		{EDBB4626-4CC0-4FD8-B07D-CE372551E0B1}.Debug|iPhone.Build.0 = Debug|iPhone
	EndGlobalSection
EndGlobal
